
Microsoft Visual Studio Solution File, Format Version 12.00
# Visual Studio Version 16
VisualStudioVersion = 16.0.29215.179
MinimumVisualStudioVersion = 10.0.40219.1
Project("{2150E333-8FDC-42A3-9474-1A3956D46DE8}") = "build", "build", "{AF29A6E2-DBEA-4857-8240-71645370C4B2}"
	ProjectSection(SolutionItems) = preProject
		build\common.props = build\common.props
	EndProjectSection
EndProject
Project("{9A19103F-16F7-4668-BE54-9A1E7A4F7556}") = "SyncSoft.StylesDelivered", "Shared\Core\SyncSoft.StylesDelivered.csproj", "{50A86FA2-6EA5-4D20-99C0-96577E86C2B4}"
EndProject
Project("{9A19103F-16F7-4668-BE54-9A1E7A4F7556}") = "SyncSoft.StylesDelivered.WebSite", "Host\WebSite\SyncSoft.StylesDelivered.WebSite.csproj", "{16268931-7B7A-4724-9D40-C0446D5A8794}"
EndProject
Project("{9A19103F-16F7-4668-BE54-9A1E7A4F7556}") = "SyncSoft.StylesDelivered.DataFacade", "DataAccess\DataFacade\SyncSoft.StylesDelivered.DataFacade.csproj", "{E16363C2-779E-474B-8CF4-CE66B8A94B6C}"
EndProject
Project("{2150E333-8FDC-42A3-9474-1A3956D46DE8}") = "DataAccess", "DataAccess", "{6481E629-F19B-4442-9124-AFE6A1B2E235}"
EndProject
Project("{2150E333-8FDC-42A3-9474-1A3956D46DE8}") = "Business", "Business", "{EE84E622-46E4-4A3D-BA01-C1A42F01C31B}"
EndProject
Project("{2150E333-8FDC-42A3-9474-1A3956D46DE8}") = "Host", "Host", "{94D350EE-2ED4-46A9-BF35-A172B4DE9B3B}"
EndProject
Project("{2150E333-8FDC-42A3-9474-1A3956D46DE8}") = "Shared", "Shared", "{ACE007D9-EC1F-41FD-AAF2-623F2F189E2E}"
EndProject
Project("{9A19103F-16F7-4668-BE54-9A1E7A4F7556}") = "SyncSoft.StylesDelivered.Domain", "Business\Domain\SyncSoft.StylesDelivered.Domain.csproj", "{79357411-9168-46B6-ACE4-F98DAAB0868F}"
EndProject
Project("{9A19103F-16F7-4668-BE54-9A1E7A4F7556}") = "SyncSoft.StylesDelivered.Consumer", "Business\Consumer\SyncSoft.StylesDelivered.Consumer.csproj", "{24D7833D-4920-49B3-90BB-D51A8DB1B8DD}"
EndProject
Project("{9A19103F-16F7-4668-BE54-9A1E7A4F7556}") = "SyncSoft.StylesDelivered.MySql", "DataAccess\MySql\SyncSoft.StylesDelivered.MySql.csproj", "{5B5604C3-F88D-45A6-8539-CFC455BF6B73}"
EndProject
Project("{9A19103F-16F7-4668-BE54-9A1E7A4F7556}") = "SyncSoft.StylesDelivered.Aliyun", "Business\Aliyun\SyncSoft.StylesDelivered.Aliyun.csproj", "{D49BBC12-53AD-4987-A674-7D01C65C87A0}"
EndProject
Project("{9A19103F-16F7-4668-BE54-9A1E7A4F7556}") = "SyncSoft.StylesDelivered.Office", "Business\Office\SyncSoft.StylesDelivered.Office.csproj", "{420E653A-E5EA-4B29-8B0B-44D1D8EA9747}"
EndProject
Project("{9A19103F-16F7-4668-BE54-9A1E7A4F7556}") = "SyncSoft.StylesDelivered.Redis", "DataAccess\Redis\SyncSoft.StylesDelivered.Redis.csproj", "{E53E2812-524D-4F26-8332-22414F779FF9}"
EndProject
Project("{2150E333-8FDC-42A3-9474-1A3956D46DE8}") = "test", "test", "{044308E2-2179-4922-9E70-4D0468A918BB}"
EndProject
Project("{9A19103F-16F7-4668-BE54-9A1E7A4F7556}") = "DomainTest", "test\Domain\DomainTest.csproj", "{AA88F853-0477-459F-B2CE-C3A1CA3176F9}"
EndProject
Global
	GlobalSection(SolutionConfigurationPlatforms) = preSolution
		Debug|Any CPU = Debug|Any CPU
		Release|Any CPU = Release|Any CPU
	EndGlobalSection
	GlobalSection(ProjectConfigurationPlatforms) = postSolution
		{50A86FA2-6EA5-4D20-99C0-96577E86C2B4}.Debug|Any CPU.ActiveCfg = Debug|Any CPU
		{50A86FA2-6EA5-4D20-99C0-96577E86C2B4}.Debug|Any CPU.Build.0 = Debug|Any CPU
		{50A86FA2-6EA5-4D20-99C0-96577E86C2B4}.Release|Any CPU.ActiveCfg = Release|Any CPU
		{50A86FA2-6EA5-4D20-99C0-96577E86C2B4}.Release|Any CPU.Build.0 = Release|Any CPU
		{16268931-7B7A-4724-9D40-C0446D5A8794}.Debug|Any CPU.ActiveCfg = Debug|Any CPU
		{16268931-7B7A-4724-9D40-C0446D5A8794}.Debug|Any CPU.Build.0 = Debug|Any CPU
		{16268931-7B7A-4724-9D40-C0446D5A8794}.Release|Any CPU.ActiveCfg = Release|Any CPU
		{16268931-7B7A-4724-9D40-C0446D5A8794}.Release|Any CPU.Build.0 = Release|Any CPU
		{E16363C2-779E-474B-8CF4-CE66B8A94B6C}.Debug|Any CPU.ActiveCfg = Debug|Any CPU
		{E16363C2-779E-474B-8CF4-CE66B8A94B6C}.Debug|Any CPU.Build.0 = Debug|Any CPU
		{E16363C2-779E-474B-8CF4-CE66B8A94B6C}.Release|Any CPU.ActiveCfg = Release|Any CPU
		{E16363C2-779E-474B-8CF4-CE66B8A94B6C}.Release|Any CPU.Build.0 = Release|Any CPU
		{79357411-9168-46B6-ACE4-F98DAAB0868F}.Debug|Any CPU.ActiveCfg = Debug|Any CPU
		{79357411-9168-46B6-ACE4-F98DAAB0868F}.Debug|Any CPU.Build.0 = Debug|Any CPU
		{79357411-9168-46B6-ACE4-F98DAAB0868F}.Release|Any CPU.ActiveCfg = Release|Any CPU
		{79357411-9168-46B6-ACE4-F98DAAB0868F}.Release|Any CPU.Build.0 = Release|Any CPU
		{24D7833D-4920-49B3-90BB-D51A8DB1B8DD}.Debug|Any CPU.ActiveCfg = Debug|Any CPU
		{24D7833D-4920-49B3-90BB-D51A8DB1B8DD}.Debug|Any CPU.Build.0 = Debug|Any CPU
		{24D7833D-4920-49B3-90BB-D51A8DB1B8DD}.Release|Any CPU.ActiveCfg = Release|Any CPU
		{24D7833D-4920-49B3-90BB-D51A8DB1B8DD}.Release|Any CPU.Build.0 = Release|Any CPU
		{5B5604C3-F88D-45A6-8539-CFC455BF6B73}.Debug|Any CPU.ActiveCfg = Debug|Any CPU
		{5B5604C3-F88D-45A6-8539-CFC455BF6B73}.Debug|Any CPU.Build.0 = Debug|Any CPU
		{5B5604C3-F88D-45A6-8539-CFC455BF6B73}.Release|Any CPU.ActiveCfg = Release|Any CPU
		{5B5604C3-F88D-45A6-8539-CFC455BF6B73}.Release|Any CPU.Build.0 = Release|Any CPU
		{D49BBC12-53AD-4987-A674-7D01C65C87A0}.Debug|Any CPU.ActiveCfg = Debug|Any CPU
		{D49BBC12-53AD-4987-A674-7D01C65C87A0}.Debug|Any CPU.Build.0 = Debug|Any CPU
		{D49BBC12-53AD-4987-A674-7D01C65C87A0}.Release|Any CPU.ActiveCfg = Release|Any CPU
		{D49BBC12-53AD-4987-A674-7D01C65C87A0}.Release|Any CPU.Build.0 = Release|Any CPU
		{420E653A-E5EA-4B29-8B0B-44D1D8EA9747}.Debug|Any CPU.ActiveCfg = Debug|Any CPU
		{420E653A-E5EA-4B29-8B0B-44D1D8EA9747}.Debug|Any CPU.Build.0 = Debug|Any CPU
		{420E653A-E5EA-4B29-8B0B-44D1D8EA9747}.Release|Any CPU.ActiveCfg = Release|Any CPU
		{420E653A-E5EA-4B29-8B0B-44D1D8EA9747}.Release|Any CPU.Build.0 = Release|Any CPU
		{E53E2812-524D-4F26-8332-22414F779FF9}.Debug|Any CPU.ActiveCfg = Debug|Any CPU
		{E53E2812-524D-4F26-8332-22414F779FF9}.Debug|Any CPU.Build.0 = Debug|Any CPU
		{E53E2812-524D-4F26-8332-22414F779FF9}.Release|Any CPU.ActiveCfg = Release|Any CPU
		{E53E2812-524D-4F26-8332-22414F779FF9}.Release|Any CPU.Build.0 = Release|Any CPU
		{AA88F853-0477-459F-B2CE-C3A1CA3176F9}.Debug|Any CPU.ActiveCfg = Debug|Any CPU
		{AA88F853-0477-459F-B2CE-C3A1CA3176F9}.Debug|Any CPU.Build.0 = Debug|Any CPU
		{AA88F853-0477-459F-B2CE-C3A1CA3176F9}.Release|Any CPU.ActiveCfg = Release|Any CPU
		{AA88F853-0477-459F-B2CE-C3A1CA3176F9}.Release|Any CPU.Build.0 = Release|Any CPU
	EndGlobalSection
	GlobalSection(SolutionProperties) = preSolution
		HideSolutionNode = FALSE
	EndGlobalSection
	GlobalSection(NestedProjects) = preSolution
		{50A86FA2-6EA5-4D20-99C0-96577E86C2B4} = {ACE007D9-EC1F-41FD-AAF2-623F2F189E2E}
		{16268931-7B7A-4724-9D40-C0446D5A8794} = {94D350EE-2ED4-46A9-BF35-A172B4DE9B3B}
		{E16363C2-779E-474B-8CF4-CE66B8A94B6C} = {6481E629-F19B-4442-9124-AFE6A1B2E235}
		{79357411-9168-46B6-ACE4-F98DAAB0868F} = {EE84E622-46E4-4A3D-BA01-C1A42F01C31B}
		{24D7833D-4920-49B3-90BB-D51A8DB1B8DD} = {EE84E622-46E4-4A3D-BA01-C1A42F01C31B}
		{5B5604C3-F88D-45A6-8539-CFC455BF6B73} = {6481E629-F19B-4442-9124-AFE6A1B2E235}
		{D49BBC12-53AD-4987-A674-7D01C65C87A0} = {EE84E622-46E4-4A3D-BA01-C1A42F01C31B}
		{420E653A-E5EA-4B29-8B0B-44D1D8EA9747} = {EE84E622-46E4-4A3D-BA01-C1A42F01C31B}
		{E53E2812-524D-4F26-8332-22414F779FF9} = {6481E629-F19B-4442-9124-AFE6A1B2E235}
		{AA88F853-0477-459F-B2CE-C3A1CA3176F9} = {044308E2-2179-4922-9E70-4D0468A918BB}
	EndGlobalSection
	GlobalSection(ExtensibilityGlobals) = postSolution
		SolutionGuid = {D2B0A50A-EBDA-429B-B2EA-4DCF064ECAB5}
	EndGlobalSection
EndGlobal
